// !$*UTF8*$!
{
	archiveVersion = 1;
	classes = {
	};
	objectVersion = 55;
	objects = {

/* Begin PBXBuildFile section */
		5D159D312933B34E009BF004 /* SearchViewModel.swift in Sources */ = {isa = PBXBuildFile; fileRef = 5D159D302933B34E009BF004 /* SearchViewModel.swift */; };
		5D159D342933B378009BF004 /* SearchProtocols.swift in Sources */ = {isa = PBXBuildFile; fileRef = 5D159D332933B378009BF004 /* SearchProtocols.swift */; };
		5D159D362933B95C009BF004 /* PhotoCellViewModel.swift in Sources */ = {isa = PBXBuildFile; fileRef = 5D159D352933B95C009BF004 /* PhotoCellViewModel.swift */; };
		5D159D3E2933CD50009BF004 /* DetailViewModel.swift in Sources */ = {isa = PBXBuildFile; fileRef = 5D159D3D2933CD50009BF004 /* DetailViewModel.swift */; };
		5D1FCDAF291D29C600150DD1 /* TabBarController.swift in Sources */ = {isa = PBXBuildFile; fileRef = 5D1FCDAE291D29C600150DD1 /* TabBarController.swift */; };
		5D1FCDB2291D457B00150DD1 /* PhotoCollectionViewCell.swift in Sources */ = {isa = PBXBuildFile; fileRef = 5D1FCDB1291D457B00150DD1 /* PhotoCollectionViewCell.swift */; };
		5D1FCDB4291D55BC00150DD1 /* NetworkManager.swift in Sources */ = {isa = PBXBuildFile; fileRef = 5D1FCDB3291D55BC00150DD1 /* NetworkManager.swift */; };
		5D91C6172921403100705E62 /* FavoriteViewController.swift in Sources */ = {isa = PBXBuildFile; fileRef = 5D91C6162921403100705E62 /* FavoriteViewController.swift */; };
		5DC3F0D42920D2F400A6897D /* ModuleBuilder.swift in Sources */ = {isa = PBXBuildFile; fileRef = 5DC3F0D32920D2F400A6897D /* ModuleBuilder.swift */; };
		5DE6619B2923B3210087DBAE /* CoreDataStack.swift in Sources */ = {isa = PBXBuildFile; fileRef = 5DE6619A2923B3200087DBAE /* CoreDataStack.swift */; };
		5DE6619D2923B3CD0087DBAE /* CoreDataManager.swift in Sources */ = {isa = PBXBuildFile; fileRef = 5DE6619C2923B3CD0087DBAE /* CoreDataManager.swift */; };
		5DE7B89F29366AD6007B3FE6 /* ConstantHelper.swift in Sources */ = {isa = PBXBuildFile; fileRef = 5DE7B89E29366AD6007B3FE6 /* ConstantHelper.swift */; };
		5DE7B8A129366ADF007B3FE6 /* ColorHelper.swift in Sources */ = {isa = PBXBuildFile; fileRef = 5DE7B8A029366ADF007B3FE6 /* ColorHelper.swift */; };
		5DE7B8A429366F38007B3FE6 /* DetailViewControllerType.swift in Sources */ = {isa = PBXBuildFile; fileRef = 5DE7B8A329366F38007B3FE6 /* DetailViewControllerType.swift */; };
		5DE7B8A629366F8A007B3FE6 /* DetailViewModelType.swift in Sources */ = {isa = PBXBuildFile; fileRef = 5DE7B8A529366F8A007B3FE6 /* DetailViewModelType.swift */; };
		5DE7B8AD2936775B007B3FE6 /* FavoriteViewModel.swift in Sources */ = {isa = PBXBuildFile; fileRef = 5DE7B8AC2936775B007B3FE6 /* FavoriteViewModel.swift */; };
		5DE7B8AF293682CC007B3FE6 /* FavoriteViewControllerType.swift in Sources */ = {isa = PBXBuildFile; fileRef = 5DE7B8AE293682CC007B3FE6 /* FavoriteViewControllerType.swift */; };
		5DE7B8B1293682F7007B3FE6 /* FavoriteViewModelType.swift in Sources */ = {isa = PBXBuildFile; fileRef = 5DE7B8B0293682F7007B3FE6 /* FavoriteViewModelType.swift */; };
		5DE7B8B32936874B007B3FE6 /* Model.swift in Sources */ = {isa = PBXBuildFile; fileRef = 5DE7B8B22936874B007B3FE6 /* Model.swift */; };
		5DE7B8B7293688B3007B3FE6 /* NetworkModel+Mappable.swift in Sources */ = {isa = PBXBuildFile; fileRef = 5DE7B8B6293688B3007B3FE6 /* NetworkModel+Mappable.swift */; };
		5DF841FE291ABE4600E18817 /* AppDelegate.swift in Sources */ = {isa = PBXBuildFile; fileRef = 5DF841FD291ABE4600E18817 /* AppDelegate.swift */; };
		5DF84200291ABE4600E18817 /* SceneDelegate.swift in Sources */ = {isa = PBXBuildFile; fileRef = 5DF841FF291ABE4600E18817 /* SceneDelegate.swift */; };
		5DF84202291ABE4600E18817 /* SearchViewController.swift in Sources */ = {isa = PBXBuildFile; fileRef = 5DF84201291ABE4600E18817 /* SearchViewController.swift */; };
		5DF84208291ABE4600E18817 /* JsonParseTest.xcdatamodeld in Sources */ = {isa = PBXBuildFile; fileRef = 5DF84206291ABE4600E18817 /* JsonParseTest.xcdatamodeld */; };
		5DF8420A291ABE4800E18817 /* Assets.xcassets in Resources */ = {isa = PBXBuildFile; fileRef = 5DF84209291ABE4800E18817 /* Assets.xcassets */; };
		5DF8420D291ABE4800E18817 /* LaunchScreen.storyboard in Resources */ = {isa = PBXBuildFile; fileRef = 5DF8420B291ABE4800E18817 /* LaunchScreen.storyboard */; };
		5DF84215291ABE5B00E18817 /* NetworkFetcher.swift in Sources */ = {isa = PBXBuildFile; fileRef = 5DF84214291ABE5B00E18817 /* NetworkFetcher.swift */; };
		5DF84217291ABF7300E18817 /* NetworkModel.swift in Sources */ = {isa = PBXBuildFile; fileRef = 5DF84216291ABF7300E18817 /* NetworkModel.swift */; };
		5DFB83AC291FD0A700D09558 /* DetailViewController.swift in Sources */ = {isa = PBXBuildFile; fileRef = 5DFB83AB291FD0A700D09558 /* DetailViewController.swift */; };
/* End PBXBuildFile section */

/* Begin PBXFileReference section */
		5D159D302933B34E009BF004 /* SearchViewModel.swift */ = {isa = PBXFileReference; lastKnownFileType = sourcecode.swift; path = SearchViewModel.swift; sourceTree = "<group>"; };
		5D159D332933B378009BF004 /* SearchProtocols.swift */ = {isa = PBXFileReference; lastKnownFileType = sourcecode.swift; path = SearchProtocols.swift; sourceTree = "<group>"; };
		5D159D352933B95C009BF004 /* PhotoCellViewModel.swift */ = {isa = PBXFileReference; lastKnownFileType = sourcecode.swift; path = PhotoCellViewModel.swift; sourceTree = "<group>"; };
		5D159D3D2933CD50009BF004 /* DetailViewModel.swift */ = {isa = PBXFileReference; lastKnownFileType = sourcecode.swift; path = DetailViewModel.swift; sourceTree = "<group>"; };
		5D1FCDAE291D29C600150DD1 /* TabBarController.swift */ = {isa = PBXFileReference; lastKnownFileType = sourcecode.swift; path = TabBarController.swift; sourceTree = "<group>"; };
		5D1FCDB1291D457B00150DD1 /* PhotoCollectionViewCell.swift */ = {isa = PBXFileReference; lastKnownFileType = sourcecode.swift; path = PhotoCollectionViewCell.swift; sourceTree = "<group>"; };
		5D1FCDB3291D55BC00150DD1 /* NetworkManager.swift */ = {isa = PBXFileReference; lastKnownFileType = sourcecode.swift; path = NetworkManager.swift; sourceTree = "<group>"; };
		5D91C6162921403100705E62 /* FavoriteViewController.swift */ = {isa = PBXFileReference; lastKnownFileType = sourcecode.swift; path = FavoriteViewController.swift; sourceTree = "<group>"; };
		5DC3F0D32920D2F400A6897D /* ModuleBuilder.swift */ = {isa = PBXFileReference; lastKnownFileType = sourcecode.swift; path = ModuleBuilder.swift; sourceTree = "<group>"; };
		5DE6619A2923B3200087DBAE /* CoreDataStack.swift */ = {isa = PBXFileReference; lastKnownFileType = sourcecode.swift; path = CoreDataStack.swift; sourceTree = "<group>"; };
		5DE6619C2923B3CD0087DBAE /* CoreDataManager.swift */ = {isa = PBXFileReference; lastKnownFileType = sourcecode.swift; path = CoreDataManager.swift; sourceTree = "<group>"; };
		5DE7B89E29366AD6007B3FE6 /* ConstantHelper.swift */ = {isa = PBXFileReference; lastKnownFileType = sourcecode.swift; path = ConstantHelper.swift; sourceTree = "<group>"; };
		5DE7B8A029366ADF007B3FE6 /* ColorHelper.swift */ = {isa = PBXFileReference; lastKnownFileType = sourcecode.swift; path = ColorHelper.swift; sourceTree = "<group>"; };
		5DE7B8A329366F38007B3FE6 /* DetailViewControllerType.swift */ = {isa = PBXFileReference; lastKnownFileType = sourcecode.swift; path = DetailViewControllerType.swift; sourceTree = "<group>"; };
		5DE7B8A529366F8A007B3FE6 /* DetailViewModelType.swift */ = {isa = PBXFileReference; lastKnownFileType = sourcecode.swift; path = DetailViewModelType.swift; sourceTree = "<group>"; };
		5DE7B8AC2936775B007B3FE6 /* FavoriteViewModel.swift */ = {isa = PBXFileReference; lastKnownFileType = sourcecode.swift; path = FavoriteViewModel.swift; sourceTree = "<group>"; };
		5DE7B8AE293682CC007B3FE6 /* FavoriteViewControllerType.swift */ = {isa = PBXFileReference; lastKnownFileType = sourcecode.swift; path = FavoriteViewControllerType.swift; sourceTree = "<group>"; };
		5DE7B8B0293682F7007B3FE6 /* FavoriteViewModelType.swift */ = {isa = PBXFileReference; lastKnownFileType = sourcecode.swift; path = FavoriteViewModelType.swift; sourceTree = "<group>"; };
		5DE7B8B22936874B007B3FE6 /* Model.swift */ = {isa = PBXFileReference; lastKnownFileType = sourcecode.swift; path = Model.swift; sourceTree = "<group>"; };
		5DE7B8B6293688B3007B3FE6 /* NetworkModel+Mappable.swift */ = {isa = PBXFileReference; lastKnownFileType = sourcecode.swift; path = "NetworkModel+Mappable.swift"; sourceTree = "<group>"; };
		5DF841FA291ABE4600E18817 /* JsonParseTest.app */ = {isa = PBXFileReference; explicitFileType = wrapper.application; includeInIndex = 0; path = JsonParseTest.app; sourceTree = BUILT_PRODUCTS_DIR; };
		5DF841FD291ABE4600E18817 /* AppDelegate.swift */ = {isa = PBXFileReference; lastKnownFileType = sourcecode.swift; path = AppDelegate.swift; sourceTree = "<group>"; };
		5DF841FF291ABE4600E18817 /* SceneDelegate.swift */ = {isa = PBXFileReference; lastKnownFileType = sourcecode.swift; path = SceneDelegate.swift; sourceTree = "<group>"; };
		5DF84201291ABE4600E18817 /* SearchViewController.swift */ = {isa = PBXFileReference; lastKnownFileType = sourcecode.swift; path = SearchViewController.swift; sourceTree = "<group>"; };
		5DF84207291ABE4600E18817 /* JsonParseTest.xcdatamodel */ = {isa = PBXFileReference; lastKnownFileType = wrapper.xcdatamodel; path = JsonParseTest.xcdatamodel; sourceTree = "<group>"; };
		5DF84209291ABE4800E18817 /* Assets.xcassets */ = {isa = PBXFileReference; lastKnownFileType = folder.assetcatalog; path = Assets.xcassets; sourceTree = "<group>"; };
		5DF8420C291ABE4800E18817 /* Base */ = {isa = PBXFileReference; lastKnownFileType = file.storyboard; name = Base; path = Base.lproj/LaunchScreen.storyboard; sourceTree = "<group>"; };
		5DF8420E291ABE4800E18817 /* Info.plist */ = {isa = PBXFileReference; lastKnownFileType = text.plist.xml; path = Info.plist; sourceTree = "<group>"; };
		5DF84214291ABE5B00E18817 /* NetworkFetcher.swift */ = {isa = PBXFileReference; lastKnownFileType = sourcecode.swift; path = NetworkFetcher.swift; sourceTree = "<group>"; };
		5DF84216291ABF7300E18817 /* NetworkModel.swift */ = {isa = PBXFileReference; lastKnownFileType = sourcecode.swift; path = NetworkModel.swift; sourceTree = "<group>"; };
		5DFB83AB291FD0A700D09558 /* DetailViewController.swift */ = {isa = PBXFileReference; lastKnownFileType = sourcecode.swift; path = DetailViewController.swift; sourceTree = "<group>"; };
/* End PBXFileReference section */

/* Begin PBXFrameworksBuildPhase section */
		5DF841F7291ABE4600E18817 /* Frameworks */ = {
			isa = PBXFrameworksBuildPhase;
			buildActionMask = 2147483647;
			files = (
			);
			runOnlyForDeploymentPostprocessing = 0;
		};
/* End PBXFrameworksBuildPhase section */

/* Begin PBXGroup section */
		5D159D2E2933B2FB009BF004 /* View */ = {
			isa = PBXGroup;
			children = (
				5DF84201291ABE4600E18817 /* SearchViewController.swift */,
				5D1FCDB1291D457B00150DD1 /* PhotoCollectionViewCell.swift */,
			);
			path = View;
			sourceTree = "<group>";
		};
		5D159D2F2933B30B009BF004 /* ViewModel */ = {
			isa = PBXGroup;
			children = (
				5D159D302933B34E009BF004 /* SearchViewModel.swift */,
				5D159D352933B95C009BF004 /* PhotoCellViewModel.swift */,
			);
			path = ViewModel;
			sourceTree = "<group>";
		};
		5D159D322933B362009BF004 /* Protocols */ = {
			isa = PBXGroup;
			children = (
				5D159D332933B378009BF004 /* SearchProtocols.swift */,
			);
			path = Protocols;
			sourceTree = "<group>";
		};
		5D159D3B2933CD2E009BF004 /* View */ = {
			isa = PBXGroup;
			children = (
				5DFB83AB291FD0A700D09558 /* DetailViewController.swift */,
			);
			path = View;
			sourceTree = "<group>";
		};
		5D159D3C2933CD35009BF004 /* ViewModel */ = {
			isa = PBXGroup;
			children = (
				5D159D3D2933CD50009BF004 /* DetailViewModel.swift */,
			);
			path = ViewModel;
			sourceTree = "<group>";
		};
		5D1FCDB0291D2F7300150DD1 /* Model */ = {
			isa = PBXGroup;
			children = (
				5DE7B8B22936874B007B3FE6 /* Model.swift */,
			);
			path = Model;
			sourceTree = "<group>";
		};
		5D5E80B7291C0B62008BDF3C /* NetworkLayer */ = {
			isa = PBXGroup;
			children = (
				5DF84216291ABF7300E18817 /* NetworkModel.swift */,
				5DE7B8B6293688B3007B3FE6 /* NetworkModel+Mappable.swift */,
				5DF84214291ABE5B00E18817 /* NetworkFetcher.swift */,
				5D1FCDB3291D55BC00150DD1 /* NetworkManager.swift */,
			);
			path = NetworkLayer;
			sourceTree = "<group>";
		};
		5D5E80B8291C0B76008BDF3C /* CoreDataLayer */ = {
			isa = PBXGroup;
			children = (
				5DF84206291ABE4600E18817 /* JsonParseTest.xcdatamodeld */,
				5DE6619A2923B3200087DBAE /* CoreDataStack.swift */,
				5DE6619C2923B3CD0087DBAE /* CoreDataManager.swift */,
			);
			path = CoreDataLayer;
			sourceTree = "<group>";
		};
		5D5E80B9291C0BA0008BDF3C /* SearchModule */ = {
			isa = PBXGroup;
			children = (
				5D159D322933B362009BF004 /* Protocols */,
				5D159D2E2933B2FB009BF004 /* View */,
				5D159D2F2933B30B009BF004 /* ViewModel */,
			);
			path = SearchModule;
			sourceTree = "<group>";
		};
		5DC3F0D529213F8A00A6897D /* View */ = {
			isa = PBXGroup;
			children = (
				5D91C6162921403100705E62 /* FavoriteViewController.swift */,
			);
			path = View;
			sourceTree = "<group>";
		};
		5DE7B89D29366AB9007B3FE6 /* Helpers */ = {
			isa = PBXGroup;
			children = (
				5DE7B89E29366AD6007B3FE6 /* ConstantHelper.swift */,
				5DE7B8A029366ADF007B3FE6 /* ColorHelper.swift */,
			);
			path = Helpers;
			sourceTree = "<group>";
		};
		5DE7B8A229366F0F007B3FE6 /* Protocols */ = {
			isa = PBXGroup;
			children = (
				5DE7B8A329366F38007B3FE6 /* DetailViewControllerType.swift */,
				5DE7B8A529366F8A007B3FE6 /* DetailViewModelType.swift */,
			);
			name = Protocols;
			sourceTree = "<group>";
		};
		5DE7B8A7293673B7007B3FE6 /* Modules */ = {
			isa = PBXGroup;
			children = (
				5DE7B8A8293673FC007B3FE6 /* TabBarModule */,
				5D5E80B9291C0BA0008BDF3C /* SearchModule */,
				5DFB83AA291FD05F00D09558 /* DetailModule */,
				5DE7B8A929367471007B3FE6 /* FavoriteModule */,
			);
			path = Modules;
			sourceTree = "<group>";
		};
		5DE7B8A8293673FC007B3FE6 /* TabBarModule */ = {
			isa = PBXGroup;
			children = (
				5D1FCDAE291D29C600150DD1 /* TabBarController.swift */,
			);
			path = TabBarModule;
			sourceTree = "<group>";
		};
		5DE7B8A929367471007B3FE6 /* FavoriteModule */ = {
			isa = PBXGroup;
			children = (
				5DE7B8AB293674A4007B3FE6 /* Protocols */,
				5DC3F0D529213F8A00A6897D /* View */,
				5DE7B8AA2936749A007B3FE6 /* ViewModel */,
			);
			path = FavoriteModule;
			sourceTree = "<group>";
		};
		5DE7B8AA2936749A007B3FE6 /* ViewModel */ = {
			isa = PBXGroup;
			children = (
				5DE7B8AC2936775B007B3FE6 /* FavoriteViewModel.swift */,
			);
			path = ViewModel;
			sourceTree = "<group>";
		};
		5DE7B8AB293674A4007B3FE6 /* Protocols */ = {
			isa = PBXGroup;
			children = (
				5DE7B8AE293682CC007B3FE6 /* FavoriteViewControllerType.swift */,
				5DE7B8B0293682F7007B3FE6 /* FavoriteViewModelType.swift */,
			);
			path = Protocols;
			sourceTree = "<group>";
		};
		5DF841F1291ABE4600E18817 = {
			isa = PBXGroup;
			children = (
				5DF841FC291ABE4600E18817 /* JsonParseTest */,
				5DF841FB291ABE4600E18817 /* Products */,
			);
			sourceTree = "<group>";
		};
		5DF841FB291ABE4600E18817 /* Products */ = {
			isa = PBXGroup;
			children = (
				5DF841FA291ABE4600E18817 /* JsonParseTest.app */,
			);
			name = Products;
			sourceTree = "<group>";
		};
		5DF841FC291ABE4600E18817 /* JsonParseTest */ = {
			isa = PBXGroup;
			children = (
				5DF841FD291ABE4600E18817 /* AppDelegate.swift */,
				5DF841FF291ABE4600E18817 /* SceneDelegate.swift */,
				5DC3F0D32920D2F400A6897D /* ModuleBuilder.swift */,
				5D1FCDB0291D2F7300150DD1 /* Model */,
				5DE7B8A7293673B7007B3FE6 /* Modules */,
				5D5E80B7291C0B62008BDF3C /* NetworkLayer */,
				5D5E80B8291C0B76008BDF3C /* CoreDataLayer */,
				5DE7B89D29366AB9007B3FE6 /* Helpers */,
				5DF84209291ABE4800E18817 /* Assets.xcassets */,
				5DF8420B291ABE4800E18817 /* LaunchScreen.storyboard */,
				5DF8420E291ABE4800E18817 /* Info.plist */,
			);
			path = JsonParseTest;
			sourceTree = "<group>";
		};
		5DFB83AA291FD05F00D09558 /* DetailModule */ = {
			isa = PBXGroup;
			children = (
				5DE7B8A229366F0F007B3FE6 /* Protocols */,
				5D159D3B2933CD2E009BF004 /* View */,
				5D159D3C2933CD35009BF004 /* ViewModel */,
			);
			path = DetailModule;
			sourceTree = "<group>";
		};
/* End PBXGroup section */

/* Begin PBXNativeTarget section */
		5DF841F9291ABE4600E18817 /* JsonParseTest */ = {
			isa = PBXNativeTarget;
			buildConfigurationList = 5DF84211291ABE4800E18817 /* Build configuration list for PBXNativeTarget "JsonParseTest" */;
			buildPhases = (
				5DF841F6291ABE4600E18817 /* Sources */,
				5DF841F7291ABE4600E18817 /* Frameworks */,
				5DF841F8291ABE4600E18817 /* Resources */,
			);
			buildRules = (
			);
			dependencies = (
			);
			name = JsonParseTest;
			productName = JsonParseTest;
			productReference = 5DF841FA291ABE4600E18817 /* JsonParseTest.app */;
			productType = "com.apple.product-type.application";
		};
/* End PBXNativeTarget section */

/* Begin PBXProject section */
		5DF841F2291ABE4600E18817 /* Project object */ = {
			isa = PBXProject;
			attributes = {
				BuildIndependentTargetsInParallel = 1;
				LastSwiftUpdateCheck = 1330;
				LastUpgradeCheck = 1330;
				TargetAttributes = {
					5DF841F9291ABE4600E18817 = {
						CreatedOnToolsVersion = 13.3.1;
					};
				};
			};
			buildConfigurationList = 5DF841F5291ABE4600E18817 /* Build configuration list for PBXProject "JsonParseTest" */;
			compatibilityVersion = "Xcode 13.0";
			developmentRegion = en;
			hasScannedForEncodings = 0;
			knownRegions = (
				en,
				Base,
			);
			mainGroup = 5DF841F1291ABE4600E18817;
			productRefGroup = 5DF841FB291ABE4600E18817 /* Products */;
			projectDirPath = "";
			projectRoot = "";
			targets = (
				5DF841F9291ABE4600E18817 /* JsonParseTest */,
			);
		};
/* End PBXProject section */

/* Begin PBXResourcesBuildPhase section */
		5DF841F8291ABE4600E18817 /* Resources */ = {
			isa = PBXResourcesBuildPhase;
			buildActionMask = 2147483647;
			files = (
				5DF8420D291ABE4800E18817 /* LaunchScreen.storyboard in Resources */,
				5DF8420A291ABE4800E18817 /* Assets.xcassets in Resources */,
			);
			runOnlyForDeploymentPostprocessing = 0;
		};
/* End PBXResourcesBuildPhase section */

/* Begin PBXSourcesBuildPhase section */
		5DF841F6291ABE4600E18817 /* Sources */ = {
			isa = PBXSourcesBuildPhase;
			buildActionMask = 2147483647;
			files = (
				5DE7B8AF293682CC007B3FE6 /* FavoriteViewControllerType.swift in Sources */,
				5DF84202291ABE4600E18817 /* SearchViewController.swift in Sources */,
				5DE7B89F29366AD6007B3FE6 /* ConstantHelper.swift in Sources */,
				5D1FCDB4291D55BC00150DD1 /* NetworkManager.swift in Sources */,
				5DE7B8B7293688B3007B3FE6 /* NetworkModel+Mappable.swift in Sources */,
				5D159D312933B34E009BF004 /* SearchViewModel.swift in Sources */,
				5DE7B8AD2936775B007B3FE6 /* FavoriteViewModel.swift in Sources */,
				5DF841FE291ABE4600E18817 /* AppDelegate.swift in Sources */,
				5D1FCDB2291D457B00150DD1 /* PhotoCollectionViewCell.swift in Sources */,
				5DC3F0D42920D2F400A6897D /* ModuleBuilder.swift in Sources */,
				5DE7B8A429366F38007B3FE6 /* DetailViewControllerType.swift in Sources */,
				5DF84200291ABE4600E18817 /* SceneDelegate.swift in Sources */,
				5DE7B8B1293682F7007B3FE6 /* FavoriteViewModelType.swift in Sources */,
				5DE6619B2923B3210087DBAE /* CoreDataStack.swift in Sources */,
				5DF84217291ABF7300E18817 /* NetworkModel.swift in Sources */,
				5D1FCDAF291D29C600150DD1 /* TabBarController.swift in Sources */,
				5DE7B8A129366ADF007B3FE6 /* ColorHelper.swift in Sources */,
				5DFB83AC291FD0A700D09558 /* DetailViewController.swift in Sources */,
				5D159D3E2933CD50009BF004 /* DetailViewModel.swift in Sources */,
				5D159D362933B95C009BF004 /* PhotoCellViewModel.swift in Sources */,
				5DE7B8B32936874B007B3FE6 /* Model.swift in Sources */,
				5D159D342933B378009BF004 /* SearchProtocols.swift in Sources */,
				5DE7B8A629366F8A007B3FE6 /* DetailViewModelType.swift in Sources */,
				5DF84215291ABE5B00E18817 /* NetworkFetcher.swift in Sources */,
				5D91C6172921403100705E62 /* FavoriteViewController.swift in Sources */,
				5DE6619D2923B3CD0087DBAE /* CoreDataManager.swift in Sources */,
				5DF84208291ABE4600E18817 /* JsonParseTest.xcdatamodeld in Sources */,
			);
			runOnlyForDeploymentPostprocessing = 0;
		};
/* End PBXSourcesBuildPhase section */

/* Begin PBXVariantGroup section */
		5DF8420B291ABE4800E18817 /* LaunchScreen.storyboard */ = {
			isa = PBXVariantGroup;
			children = (
				5DF8420C291ABE4800E18817 /* Base */,
			);
			name = LaunchScreen.storyboard;
			sourceTree = "<group>";
		};
/* End PBXVariantGroup section */

/* Begin XCBuildConfiguration section */
		5DF8420F291ABE4800E18817 /* Debug */ = {
			isa = XCBuildConfiguration;
			buildSettings = {
				ALWAYS_SEARCH_USER_PATHS = NO;
				CLANG_ANALYZER_NONNULL = YES;
				CLANG_ANALYZER_NUMBER_OBJECT_CONVERSION = YES_AGGRESSIVE;
				CLANG_CXX_LANGUAGE_STANDARD = "gnu++17";
				CLANG_ENABLE_MODULES = YES;
				CLANG_ENABLE_OBJC_ARC = YES;
				CLANG_ENABLE_OBJC_WEAK = YES;
				CLANG_WARN_BLOCK_CAPTURE_AUTORELEASING = YES;
				CLANG_WARN_BOOL_CONVERSION = YES;
				CLANG_WARN_COMMA = YES;
				CLANG_WARN_CONSTANT_CONVERSION = YES;
				CLANG_WARN_DEPRECATED_OBJC_IMPLEMENTATIONS = YES;
				CLANG_WARN_DIRECT_OBJC_ISA_USAGE = YES_ERROR;
				CLANG_WARN_DOCUMENTATION_COMMENTS = YES;
				CLANG_WARN_EMPTY_BODY = YES;
				CLANG_WARN_ENUM_CONVERSION = YES;
				CLANG_WARN_INFINITE_RECURSION = YES;
				CLANG_WARN_INT_CONVERSION = YES;
				CLANG_WARN_NON_LITERAL_NULL_CONVERSION = YES;
				CLANG_WARN_OBJC_IMPLICIT_RETAIN_SELF = YES;
				CLANG_WARN_OBJC_LITERAL_CONVERSION = YES;
				CLANG_WARN_OBJC_ROOT_CLASS = YES_ERROR;
				CLANG_WARN_QUOTED_INCLUDE_IN_FRAMEWORK_HEADER = YES;
				CLANG_WARN_RANGE_LOOP_ANALYSIS = YES;
				CLANG_WARN_STRICT_PROTOTYPES = YES;
				CLANG_WARN_SUSPICIOUS_MOVE = YES;
				CLANG_WARN_UNGUARDED_AVAILABILITY = YES_AGGRESSIVE;
				CLANG_WARN_UNREACHABLE_CODE = YES;
				CLANG_WARN__DUPLICATE_METHOD_MATCH = YES;
				COPY_PHASE_STRIP = NO;
				DEBUG_INFORMATION_FORMAT = dwarf;
				ENABLE_STRICT_OBJC_MSGSEND = YES;
				ENABLE_TESTABILITY = YES;
				GCC_C_LANGUAGE_STANDARD = gnu11;
				GCC_DYNAMIC_NO_PIC = NO;
				GCC_NO_COMMON_BLOCKS = YES;
				GCC_OPTIMIZATION_LEVEL = 0;
				GCC_PREPROCESSOR_DEFINITIONS = (
					"DEBUG=1",
					"$(inherited)",
				);
				GCC_WARN_64_TO_32_BIT_CONVERSION = YES;
				GCC_WARN_ABOUT_RETURN_TYPE = YES_ERROR;
				GCC_WARN_UNDECLARED_SELECTOR = YES;
				GCC_WARN_UNINITIALIZED_AUTOS = YES_AGGRESSIVE;
				GCC_WARN_UNUSED_FUNCTION = YES;
				GCC_WARN_UNUSED_VARIABLE = YES;
				IPHONEOS_DEPLOYMENT_TARGET = 15.4;
				MTL_ENABLE_DEBUG_INFO = INCLUDE_SOURCE;
				MTL_FAST_MATH = YES;
				ONLY_ACTIVE_ARCH = YES;
				SDKROOT = iphoneos;
				SWIFT_ACTIVE_COMPILATION_CONDITIONS = DEBUG;
				SWIFT_OPTIMIZATION_LEVEL = "-Onone";
			};
			name = Debug;
		};
		5DF84210291ABE4800E18817 /* Release */ = {
			isa = XCBuildConfiguration;
			buildSettings = {
				ALWAYS_SEARCH_USER_PATHS = NO;
				CLANG_ANALYZER_NONNULL = YES;
				CLANG_ANALYZER_NUMBER_OBJECT_CONVERSION = YES_AGGRESSIVE;
				CLANG_CXX_LANGUAGE_STANDARD = "gnu++17";
				CLANG_ENABLE_MODULES = YES;
				CLANG_ENABLE_OBJC_ARC = YES;
				CLANG_ENABLE_OBJC_WEAK = YES;
				CLANG_WARN_BLOCK_CAPTURE_AUTORELEASING = YES;
				CLANG_WARN_BOOL_CONVERSION = YES;
				CLANG_WARN_COMMA = YES;
				CLANG_WARN_CONSTANT_CONVERSION = YES;
				CLANG_WARN_DEPRECATED_OBJC_IMPLEMENTATIONS = YES;
				CLANG_WARN_DIRECT_OBJC_ISA_USAGE = YES_ERROR;
				CLANG_WARN_DOCUMENTATION_COMMENTS = YES;
				CLANG_WARN_EMPTY_BODY = YES;
				CLANG_WARN_ENUM_CONVERSION = YES;
				CLANG_WARN_INFINITE_RECURSION = YES;
				CLANG_WARN_INT_CONVERSION = YES;
				CLANG_WARN_NON_LITERAL_NULL_CONVERSION = YES;
				CLANG_WARN_OBJC_IMPLICIT_RETAIN_SELF = YES;
				CLANG_WARN_OBJC_LITERAL_CONVERSION = YES;
				CLANG_WARN_OBJC_ROOT_CLASS = YES_ERROR;
				CLANG_WARN_QUOTED_INCLUDE_IN_FRAMEWORK_HEADER = YES;
				CLANG_WARN_RANGE_LOOP_ANALYSIS = YES;
				CLANG_WARN_STRICT_PROTOTYPES = YES;
				CLANG_WARN_SUSPICIOUS_MOVE = YES;
				CLANG_WARN_UNGUARDED_AVAILABILITY = YES_AGGRESSIVE;
				CLANG_WARN_UNREACHABLE_CODE = YES;
				CLANG_WARN__DUPLICATE_METHOD_MATCH = YES;
				COPY_PHASE_STRIP = NO;
				DEBUG_INFORMATION_FORMAT = "dwarf-with-dsym";
				ENABLE_NS_ASSERTIONS = NO;
				ENABLE_STRICT_OBJC_MSGSEND = YES;
				GCC_C_LANGUAGE_STANDARD = gnu11;
				GCC_NO_COMMON_BLOCKS = YES;
				GCC_WARN_64_TO_32_BIT_CONVERSION = YES;
				GCC_WARN_ABOUT_RETURN_TYPE = YES_ERROR;
				GCC_WARN_UNDECLARED_SELECTOR = YES;
				GCC_WARN_UNINITIALIZED_AUTOS = YES_AGGRESSIVE;
				GCC_WARN_UNUSED_FUNCTION = YES;
				GCC_WARN_UNUSED_VARIABLE = YES;
				IPHONEOS_DEPLOYMENT_TARGET = 15.4;
				MTL_ENABLE_DEBUG_INFO = NO;
				MTL_FAST_MATH = YES;
				SDKROOT = iphoneos;
				SWIFT_COMPILATION_MODE = wholemodule;
				SWIFT_OPTIMIZATION_LEVEL = "-O";
				VALIDATE_PRODUCT = YES;
			};
			name = Release;
		};
		5DF84212291ABE4800E18817 /* Debug */ = {
			isa = XCBuildConfiguration;
			buildSettings = {
				ASSETCATALOG_COMPILER_APPICON_NAME = AppIcon;
				ASSETCATALOG_COMPILER_GLOBAL_ACCENT_COLOR_NAME = AccentColor;
				CODE_SIGN_STYLE = Automatic;
				CURRENT_PROJECT_VERSION = 1;
				DEVELOPMENT_TEAM = 8BTD5KN5SP;
				GENERATE_INFOPLIST_FILE = YES;
				INFOPLIST_FILE = JsonParseTest/Info.plist;
				INFOPLIST_KEY_UIApplicationSupportsIndirectInputEvents = YES;
				INFOPLIST_KEY_UILaunchStoryboardName = LaunchScreen;
				INFOPLIST_KEY_UISupportedInterfaceOrientations_iPad = "UIInterfaceOrientationPortrait UIInterfaceOrientationPortraitUpsideDown UIInterfaceOrientationLandscapeLeft UIInterfaceOrientationLandscapeRight";
				INFOPLIST_KEY_UISupportedInterfaceOrientations_iPhone = "UIInterfaceOrientationPortrait UIInterfaceOrientationLandscapeLeft UIInterfaceOrientationLandscapeRight";
				LD_RUNPATH_SEARCH_PATHS = (
					"$(inherited)",
					"@executable_path/Frameworks",
				);
				MARKETING_VERSION = 1.0;
				PRODUCT_BUNDLE_IDENTIFIER = chulep.JsonParseTest;
				PRODUCT_NAME = "$(TARGET_NAME)";
				SWIFT_EMIT_LOC_STRINGS = YES;
				SWIFT_VERSION = 5.0;
				TARGETED_DEVICE_FAMILY = "1,2";
			};
			name = Debug;
		};
		5DF84213291ABE4800E18817 /* Release */ = {
			isa = XCBuildConfiguration;
			buildSettings = {
				ASSETCATALOG_COMPILER_APPICON_NAME = AppIcon;
				ASSETCATALOG_COMPILER_GLOBAL_ACCENT_COLOR_NAME = AccentColor;
				CODE_SIGN_STYLE = Automatic;
				CURRENT_PROJECT_VERSION = 1;
				DEVELOPMENT_TEAM = 8BTD5KN5SP;
				GENERATE_INFOPLIST_FILE = YES;
				INFOPLIST_FILE = JsonParseTest/Info.plist;
				INFOPLIST_KEY_UIApplicationSupportsIndirectInputEvents = YES;
				INFOPLIST_KEY_UILaunchStoryboardName = LaunchScreen;
				INFOPLIST_KEY_UISupportedInterfaceOrientations_iPad = "UIInterfaceOrientationPortrait UIInterfaceOrientationPortraitUpsideDown UIInterfaceOrientationLandscapeLeft UIInterfaceOrientationLandscapeRight";
				INFOPLIST_KEY_UISupportedInterfaceOrientations_iPhone = "UIInterfaceOrientationPortrait UIInterfaceOrientationLandscapeLeft UIInterfaceOrientationLandscapeRight";
				LD_RUNPATH_SEARCH_PATHS = (
					"$(inherited)",
					"@executable_path/Frameworks",
				);
				MARKETING_VERSION = 1.0;
				PRODUCT_BUNDLE_IDENTIFIER = chulep.JsonParseTest;
				PRODUCT_NAME = "$(TARGET_NAME)";
				SWIFT_EMIT_LOC_STRINGS = YES;
				SWIFT_VERSION = 5.0;
				TARGETED_DEVICE_FAMILY = "1,2";
			};
			name = Release;
		};
/* End XCBuildConfiguration section */

/* Begin XCConfigurationList section */
		5DF841F5291ABE4600E18817 /* Build configuration list for PBXProject "JsonParseTest" */ = {
			isa = XCConfigurationList;
			buildConfigurations = (
				5DF8420F291ABE4800E18817 /* Debug */,
				5DF84210291ABE4800E18817 /* Release */,
			);
			defaultConfigurationIsVisible = 0;
			defaultConfigurationName = Release;
		};
		5DF84211291ABE4800E18817 /* Build configuration list for PBXNativeTarget "JsonParseTest" */ = {
			isa = XCConfigurationList;
			buildConfigurations = (
				5DF84212291ABE4800E18817 /* Debug */,
				5DF84213291ABE4800E18817 /* Release */,
			);
			defaultConfigurationIsVisible = 0;
			defaultConfigurationName = Release;
		};
/* End XCConfigurationList section */

/* Begin XCVersionGroup section */
		5DF84206291ABE4600E18817 /* JsonParseTest.xcdatamodeld */ = {
			isa = XCVersionGroup;
			children = (
				5DF84207291ABE4600E18817 /* JsonParseTest.xcdatamodel */,
			);
			currentVersion = 5DF84207291ABE4600E18817 /* JsonParseTest.xcdatamodel */;
			path = JsonParseTest.xcdatamodeld;
			sourceTree = "<group>";
			versionGroupType = wrapper.xcdatamodel;
		};
/* End XCVersionGroup section */
	};
	rootObject = 5DF841F2291ABE4600E18817 /* Project object */;
}
